
Microsoft Visual Studio Solution File, Format Version 12.00
# Visual Studio 15
VisualStudioVersion = 15.0.26730.12
MinimumVisualStudioVersion = 10.0.40219.1
Project("{9A19103F-16F7-4668-BE54-9A1E7A4F7556}") = "ContactWebApi", "ContactWebApi\ContactWebApi.csproj", "{4A0A410F-E944-462B-BECD-D9E6BAFB9DF6}"
EndProject
Project("{2150E333-8FDC-42A3-9474-1A3956D46DE8}") = "NewFolder1", "NewFolder1", "{BA3ADC07-4C67-458B-9F9F-C892CCD99DEB}"
EndProject
Global
	GlobalSection(SolutionConfigurationPlatforms) = preSolution
		Debug|Any CPU = Debug|Any CPU
		Release|Any CPU = Release|Any CPU
	EndGlobalSection
	GlobalSection(ProjectConfigurationPlatforms) = postSolution
		{4A0A410F-E944-462B-BECD-D9E6BAFB9DF6}.Debug|Any CPU.ActiveCfg = Debug|Any CPU
		{4A0A410F-E944-462B-BECD-D9E6BAFB9DF6}.Debug|Any CPU.Build.0 = Debug|Any CPU
		{4A0A410F-E944-462B-BECD-D9E6BAFB9DF6}.Release|Any CPU.ActiveCfg = Release|Any CPU
		{4A0A410F-E944-462B-BECD-D9E6BAFB9DF6}.Release|Any CPU.Build.0 = Release|Any CPU
	EndGlobalSection
	GlobalSection(SolutionProperties) = preSolution
		HideSolutionNode = FALSE
	EndGlobalSection
	GlobalSection(ExtensibilityGlobals) = postSolution
		SolutionGuid = {A5AE58F5-0ED3-4CCF-82D2-79F605FD2AF0}
	EndGlobalSection
EndGlobal
